make-field-files-SV_exp1:
  cmd: swg-workflow/01-make-field-files.py SV_exp1
  deps:
  - path: data_repo/footprints/exp1_SV.fits
    md5: 6591319d7d74f3075d01eea7d36c3df1
    size: 8640
  - path: swg-workflow/01-make-field-files.py
    md5: 0ba28b951c10e62b49eb15c156216dab
    size: 1741
  params:
    params.yaml:
      SV_exp1.field_file: obs/01-field-files/SV_exp1_fields.fits
      SV_exp1.footprint:
        footprint_file: data_repo/footprints/exp1_SV.fits
        surveys:
          targsrvys:
          - WS2021A1-028
          max_fibres:
          - 1000
        progtemp: 11331+
        obstemp: DACEB
        keywords:
          trimester: 2020A1
          author: chriswegg@gmail.com
          report_verbosity: 1
          cc_report: vanessa.hill@oca.eu, gbattaglia@iac.es
  outs:
  - path: obs/01-field-files/SV_exp1_fields.fits
    md5: a38cb45c9091a36b4b3e654ba583967f
    size: 8640
make-field-files@SV_exp2:
  cmd: swg-workflow/make_field_files.py SV_exp2
  deps:
  - path: data_repo/footprints/exp2_SV.fits
    md5: e8be0825b25859997f9b4042b7184669
    size: 8640
  - path: swg-workflow/make_field_files.py
    md5: 311b2688f15ff585ac79b2d7681eb263
    size: 2205
  params:
    params.yaml:
      submission.SV_exp2.footprint:
        footprint_file: data_repo/footprints/exp2_SV.fits
        surveys:
          targsrvys:
          - WS2021A1-029
          max_fibres:
          - 1000
        progtemp: 11331.1+
        obstemp: DACEB
        keywords:
          trimester: 2020A1
          author: chriswegg@gmail.com
          report_verbosity: 1
          cc_report: vanessa.hill@oca.eu, gbattaglia@iac.es
  outs:
  - path: obs/01-field-files/SV_exp2_fields.fits
    md5: ec95f5111b92bef7772e43bb37b1396a
    size: 8640
make-field-files@shared:
  cmd: swg-workflow/make_field_files.py shared
  deps:
  - path: data_repo/footprints/shared_20AT1.fits
    md5: 2f0893a09281c766fba7f9870072504a
    size: 14400
  - path: swg-workflow/make_field_files.py
    md5: 311b2688f15ff585ac79b2d7681eb263
    size: 2205
  params:
    params.yaml:
      submission.shared.footprint:
        footprint_file: data_repo/footprints/shared_20AT1.fits
        surveys:
          targsrvys:
          - GA-LRhighlat
          - WQ
          - WL
          max_fibres:
          - 630
          - 130
          - 130
        progtemp: 11331.1+
        obstemp: DACEB
        keywords:
          trimester: 2020A1
          author: chriswegg@gmail.com
          report_verbosity: 1
          cc_report: vanessa.hill@oca.eu, gbattaglia@iac.es
  outs:
  - path: obs/01-field-files/shared_20AT1_fields.fits
    md5: bb6e00d20b234aa29f667bb653009185
    size: 46080
make-field-files@pointed:
  cmd: swg-workflow/make_field_files.py pointed
  deps:
  - path: data_repo/footprints/pointed_20AT1.fits
    md5: 8ceba89e49f8216afa0fa8017ae57ae6
    size: 8640
  - path: swg-workflow/make_field_files.py
    md5: 311b2688f15ff585ac79b2d7681eb263
    size: 2205
  params:
    params.yaml:
      submission.pointed.footprint:
        footprint_file: data_repo/footprints/pointed_20AT1.fits
        surveys:
          targsrvys:
          - GA-LRhighlat
          max_fibres:
          - 1000
        progtemp: 11331.1+
        obstemp: DACEB
        keywords:
          trimester: 2020A1
          author: chriswegg@gmail.com
          report_verbosity: 1
          cc_report: vanessa.hill@oca.eu, gbattaglia@iac.es
  outs:
  - path: obs/01-field-files/pointed_20AT1_fields.fits
    md5: 9098985dbd6e5d17d85ec2d266795866
    size: 11520
make-field-files@SV_exp1:
  cmd: swg-workflow/make_field_files.py SV_exp1
  deps:
  - path: data_repo/footprints/exp1_SV.fits
    md5: 6591319d7d74f3075d01eea7d36c3df1
    size: 8640
  - path: swg-workflow/make_field_files.py
    md5: 311b2688f15ff585ac79b2d7681eb263
    size: 2205
  params:
    params.yaml:
      submission.SV_exp1.footprint:
        footprint_file: data_repo/footprints/exp1_SV.fits
        surveys:
          targsrvys:
          - WS2021A1-028
          max_fibres:
          - 1000
        progtemp: 11331.1+
        obstemp: DACEB
        keywords:
          trimester: 2020A1
          author: chriswegg@gmail.com
          report_verbosity: 1
          cc_report: vanessa.hill@oca.eu, gbattaglia@iac.es
  outs:
  - path: obs/01-field-files/SV_exp1_fields.fits
    md5: 3374ef9f49a52d0ca34eea88558b1f85
    size: 8640
create-empty-xmls@SV_exp2:
  cmd: weaveworkflow/mos/workflow/mos_stage2/create_xml_files.py obs/01-field-files/SV_exp2_fields.fits
    --outdir obs/SV_exp2/01-empty
  deps:
  - path: obs/01-field-files/SV_exp2_fields.fits
    md5: ec95f5111b92bef7772e43bb37b1396a
    size: 8640
  - path: weaveworkflow/mos/workflow/mos_stage2/create_xml_files.py
    md5: 5992298af881b7810b6fd344f64e2d8b
    size: 10508
  outs:
  - path: obs/SV_exp2/01-empty
    md5: a249e75339af80adc79b022b38c36cdf.dir
    size: 37250
    nfiles: 2
create-empty-xmls@shared:
  cmd: weaveworkflow/mos/workflow/mos_stage2/create_xml_files.py obs/01-field-files/shared_20AT1_fields.fits
    --outdir obs/shared/01-empty
  deps:
  - path: obs/01-field-files/shared_20AT1_fields.fits
    md5: bb6e00d20b234aa29f667bb653009185
    size: 46080
  - path: weaveworkflow/mos/workflow/mos_stage2/create_xml_files.py
    md5: 5992298af881b7810b6fd344f64e2d8b
    size: 10508
  outs:
  - path: obs/shared/01-empty
    md5: c7b51a7bc2d2bd167a9fa9c2bc333f1d.dir
    size: 3246002
    nfiles: 173
create-empty-xmls@pointed:
  cmd: weaveworkflow/mos/workflow/mos_stage2/create_xml_files.py obs/01-field-files/pointed_20AT1_fields.fits
    --outdir obs/pointed/01-empty
  deps:
  - path: obs/01-field-files/pointed_20AT1_fields.fits
    md5: 9098985dbd6e5d17d85ec2d266795866
    size: 11520
  - path: weaveworkflow/mos/workflow/mos_stage2/create_xml_files.py
    md5: 5992298af881b7810b6fd344f64e2d8b
    size: 10508
  outs:
  - path: obs/pointed/01-empty
    md5: 14bec5b8613586d767b66158004e59a1.dir
    size: 838282
    nfiles: 45
create-empty-xmls@SV_exp1:
  cmd: weaveworkflow/mos/workflow/mos_stage2/create_xml_files.py obs/01-field-files/SV_exp1_fields.fits
    --outdir obs/SV_exp1/01-empty
  deps:
  - path: obs/01-field-files/SV_exp1_fields.fits
    md5: 3374ef9f49a52d0ca34eea88558b1f85
    size: 8640
  - path: weaveworkflow/mos/workflow/mos_stage2/create_xml_files.py
    md5: 5992298af881b7810b6fd344f64e2d8b
    size: 10508
  outs:
  - path: obs/SV_exp1/01-empty
    md5: 5ad18573dc980216e443010665babadf.dir
    size: 186275
    nfiles: 10
add-targets@shared:
  cmd: weaveworkflow/mos/workflow/mos_stage3/add_targets_to_xmls.py --outdir obs/shared/02-targets
    catalogues/cat_shared_2021A1.fits obs/shared/02-targets-WQ/*
  deps:
  - path: catalogues/cat_shared_2021A1.fits
    md5: b0c869426efba1d4568d9871acd17f8c
    size: 494179200
  - path: obs/shared/02-targets-WQ
    md5: 39414e0972f0717b03abf8f9b67ac800.dir
    size: 3246002
    nfiles: 173
  - path: weaveworkflow/mos/workflow/mos_stage3/add_targets_to_xmls.py
    md5: bf8ca5b278e80d8ff6d9ddac88350812
    size: 7040
  outs:
  - path: obs/shared/02-targets
    md5: f9724de8a4fde8739001c067a05c8c34.dir
    size: 165062781
    nfiles: 173
add-targets@pointed:
  cmd: weaveworkflow/mos/workflow/mos_stage3/add_targets_to_xmls.py --outdir obs/pointed/02-targets
    catalogues/cat_pointed_2021A1.fits obs/pointed/01-empty/*
  deps:
  - path: catalogues/cat_pointed_2021A1.fits
    md5: f3ff1f980346dd0e1ebc0898afadb216
    size: 195788160
  - path: obs/pointed/01-empty
    md5: 14bec5b8613586d767b66158004e59a1.dir
    size: 838282
    nfiles: 45
  - path: weaveworkflow/mos/workflow/mos_stage3/add_targets_to_xmls.py
    md5: bf8ca5b278e80d8ff6d9ddac88350812
    size: 7040
  outs:
  - path: obs/pointed/02-targets
    md5: 2310598202ec40e3c0308ad6b6636d27.dir
    size: 46751436
    nfiles: 45
add-targets@SV_exp1:
  cmd: weaveworkflow/mos/workflow/mos_stage3/add_targets_to_xmls.py --outdir obs/SV_exp1/02-targets
    catalogues/cat_exp1_SV.fits obs/SV_exp1/01-empty/*
  deps:
  - path: catalogues/cat_exp1_SV.fits
    md5: 958fc3fa788bb7f885368344425f8c8d
    size: 67916160
  - path: obs/SV_exp1/01-empty
    md5: 5ad18573dc980216e443010665babadf.dir
    size: 186275
    nfiles: 10
  - path: weaveworkflow/mos/workflow/mos_stage3/add_targets_to_xmls.py
    md5: bf8ca5b278e80d8ff6d9ddac88350812
    size: 7040
  outs:
  - path: obs/SV_exp1/02-targets
    md5: 6f67a44a63cf20724cda9ab9a12493b9.dir
    size: 17085150
    nfiles: 10
add-targets@SV_exp2:
  cmd: weaveworkflow/mos/workflow/mos_stage3/add_targets_to_xmls.py --outdir obs/SV_exp2/02-targets
    catalogues/cat_exp2_SV.fits obs/SV_exp2/01-empty/*
  deps:
  - path: catalogues/cat_exp2_SV.fits
    md5: 0f56df31922881004bd9cea2b08048e0
    size: 49026240
  - path: obs/SV_exp2/01-empty
    md5: a249e75339af80adc79b022b38c36cdf.dir
    size: 37250
    nfiles: 2
  - path: weaveworkflow/mos/workflow/mos_stage3/add_targets_to_xmls.py
    md5: bf8ca5b278e80d8ff6d9ddac88350812
    size: 7040
  outs:
  - path: obs/SV_exp2/02-targets
    md5: 45ee09e767f0abf1dbb54cca9b101b8d.dir
    size: 4066495
    nfiles: 2
clean-xmls@SV_exp1:
  cmd: swg-workflow/clean_xml_targets.py --outdir obs/SV_exp1/03-cleaned obs/SV_exp1/02-targets/*
  deps:
  - path: obs/SV_exp1/02-targets
    md5: 6f67a44a63cf20724cda9ab9a12493b9.dir
    size: 17085150
    nfiles: 10
  - path: swg-workflow/clean_xml_targets.py
    md5: 72f66d86eb41935333f736d806d76c10
    size: 3285
  outs:
  - path: obs/SV_exp1/03-cleaned
    md5: 72d522707c1c43c2eac2ea3fa567e2f6.dir
    size: 17078480
    nfiles: 10
clean-xmls@SV_exp2:
  cmd: swg-workflow/clean_xml_targets.py --outdir obs/SV_exp2/03-cleaned obs/SV_exp2/02-targets/*
  deps:
  - path: obs/SV_exp2/02-targets
    md5: 45ee09e767f0abf1dbb54cca9b101b8d.dir
    size: 4066495
    nfiles: 2
  - path: swg-workflow/clean_xml_targets.py
    md5: 72f66d86eb41935333f736d806d76c10
    size: 3285
  outs:
  - path: obs/SV_exp2/03-cleaned
    md5: c1acbafcb69f2c0dbe27a3bb31826c4c.dir
    size: 4065161
    nfiles: 2
add-guide-and-calib-stars@SV_exp2:
  cmd: weaveworkflow/mos/workflow/mos_stage4/add_guide_and_calib_stars.py --outdir
    obs/SV_exp2/04-guide-and-calib-stars obs/SV_exp2/03-cleaned/*
  deps:
  - path: obs/SV_exp2/03-cleaned
    md5: c1acbafcb69f2c0dbe27a3bb31826c4c.dir
    size: 4065161
    nfiles: 2
  - path: weaveworkflow/mos/workflow/mos_stage4/add_guide_and_calib_stars.py
    md5: 3a45d8c278aae0cdbaa9dec7169cd62a
    size: 6750
  outs:
  - path: obs/SV_exp2/04-guide-and-calib-stars
    md5: bb0de292efc9d934d39e1782c986881a.dir
    size: 4361572
    nfiles: 6
clean-xmls@shared:
  cmd: swg-workflow/clean_xml_targets.py --outdir obs/shared/03-cleaned obs/shared/02-targets/*
  deps:
  - path: obs/shared/02-targets
    md5: f9724de8a4fde8739001c067a05c8c34.dir
    size: 165062781
    nfiles: 173
  - path: swg-workflow/clean_xml_targets.py
    md5: 72f66d86eb41935333f736d806d76c10
    size: 3285
  outs:
  - path: obs/shared/03-cleaned
    md5: d5f14784ceea20710cc0a08dbb4b2e9f.dir
    size: 164947390
    nfiles: 173
add-targets@WQ:
  cmd: weaveworkflow/mos/workflow/mos_stage3/add_targets_to_xmls.py --outdir obs/shared/02-targets-WQ
    catalogues/WQ_2021A2.fits obs/shared/01-empty/*
  deps:
  - path: catalogues/WQ_2021A2.fits
    md5: d3292197485e14857443e6ff4402602a
    size: 4109760
  - path: obs/shared/01-empty
    md5: c7b51a7bc2d2bd167a9fa9c2bc333f1d.dir
    size: 3246002
    nfiles: 173
  - path: weaveworkflow/mos/workflow/mos_stage3/add_targets_to_xmls.py
    md5: bf8ca5b278e80d8ff6d9ddac88350812
    size: 7040
  outs:
  - path: obs/shared/02-targets-WQ
    md5: 39414e0972f0717b03abf8f9b67ac800.dir
    size: 3246002
    nfiles: 173
add-guide-and-calib-stars@SV_exp1:
  cmd: weaveworkflow/mos/workflow/mos_stage4/add_guide_and_calib_stars.py --outdir
    obs/SV_exp1/04-guide-and-calib-stars obs/SV_exp1/03-cleaned/*
  deps:
  - path: obs/SV_exp1/03-cleaned
    md5: 72d522707c1c43c2eac2ea3fa567e2f6.dir
    size: 17078480
    nfiles: 10
  - path: weaveworkflow/mos/workflow/mos_stage4/add_guide_and_calib_stars.py
    md5: 3a45d8c278aae0cdbaa9dec7169cd62a
    size: 6750
  outs:
  - path: obs/SV_exp1/04-guide-and-calib-stars
    md5: 864642ff7d8f1180c70ab92876679bd6.dir
    size: 18372169
    nfiles: 30
clean-xmls@pointed:
  cmd: swg-workflow/clean_xml_targets.py --outdir obs/pointed/03-cleaned obs/pointed/02-targets/*
  deps:
  - path: obs/pointed/02-targets
    md5: 2310598202ec40e3c0308ad6b6636d27.dir
    size: 46751436
    nfiles: 45
  - path: swg-workflow/clean_xml_targets.py
    md5: 72f66d86eb41935333f736d806d76c10
    size: 3285
  outs:
  - path: obs/pointed/03-cleaned
    md5: 653a5ed04daa1e01a23e1c856e3a5bf4.dir
    size: 46721421
    nfiles: 45
add-guide-and-calib-stars@pointed:
  cmd: weaveworkflow/mos/workflow/mos_stage4/add_guide_and_calib_stars.py --outdir
    obs/pointed/04-guide-and-calib-stars obs/pointed/03-cleaned/*
  deps:
  - path: obs/pointed/03-cleaned
    md5: 653a5ed04daa1e01a23e1c856e3a5bf4.dir
    size: 46721421
    nfiles: 45
  - path: weaveworkflow/mos/workflow/mos_stage4/add_guide_and_calib_stars.py
    md5: 3a45d8c278aae0cdbaa9dec7169cd62a
    size: 6750
  outs:
  - path: obs/pointed/04-guide-and-calib-stars
    md5: 4281a477889688eeb808631427daf41c.dir
    size: 53212857
    nfiles: 135
add-guide-and-calib-stars@shared:
  cmd: weaveworkflow/mos/workflow/mos_stage4/add_guide_and_calib_stars.py --outdir
    obs/shared/04-guide-and-calib-stars obs/shared/03-cleaned/*
  deps:
  - path: obs/shared/03-cleaned
    md5: d5f14784ceea20710cc0a08dbb4b2e9f.dir
    size: 164947390
    nfiles: 173
  - path: weaveworkflow/mos/workflow/mos_stage4/add_guide_and_calib_stars.py
    md5: 3a45d8c278aae0cdbaa9dec7169cd62a
    size: 6750
  outs:
  - path: obs/shared/04-guide-and-calib-stars
    md5: 7bcd98f3f5787b92051cfb5c4f59d132.dir
    size: 192068166
    nfiles: 519
configure@SV_exp1:
  cmd: swg-workflow/configurefields.py --epoch 2021.5 --herts --sync --outdir obs/SV_exp1/05-configured
    obs/SV_exp1/04-guide-and-calib-stars/*.xml
  deps:
  - path: /soft/configure/configure
    md5: e3339f7713a55e9a2b22034de0bddf02
    size: 30224120
  - path: obs/SV_exp1/04-guide-and-calib-stars
    md5: 864642ff7d8f1180c70ab92876679bd6.dir
    size: 18372169
    nfiles: 30
  - path: swg-workflow/configurefields.py
    md5: e667877ddca1a02a027e95538906cd62
    size: 6468
  outs:
  - path: obs/SV_exp1/05-configured
    md5: 69f81b52014ecdefe4cc4f47085b02e1.dir
    size: 19597562
    nfiles: 30
configure@shared:
  cmd: swg-workflow/configurefields.py --epoch 2021.5 --herts --sync --outdir obs/shared/05-configured
    obs/shared/04-guide-and-calib-stars/*.xml
  deps:
  - path: /soft/configure/configure
    md5: e3339f7713a55e9a2b22034de0bddf02
    size: 30224120
  - path: obs/shared/04-guide-and-calib-stars
    md5: 7bcd98f3f5787b92051cfb5c4f59d132.dir
    size: 192068166
    nfiles: 519
  - path: swg-workflow/configurefields.py
    md5: e667877ddca1a02a027e95538906cd62
    size: 6468
  outs:
  - path: obs/shared/05-configured
    md5: ade7ab7a8b030c4f1d76ec4eb0cc8fe6.dir
    size: 190419063
    nfiles: 519
configure@pointed:
  cmd: swg-workflow/configurefields.py --epoch 2021.5 --herts --sync --outdir obs/pointed/05-configured
    obs/pointed/04-guide-and-calib-stars/*.xml
  deps:
  - path: /soft/configure/configure
    md5: e3339f7713a55e9a2b22034de0bddf02
    size: 30224120
  - path: obs/pointed/04-guide-and-calib-stars
    md5: 4281a477889688eeb808631427daf41c.dir
    size: 53212857
    nfiles: 135
  - path: swg-workflow/configurefields.py
    md5: e667877ddca1a02a027e95538906cd62
    size: 6468
  outs:
  - path: obs/pointed/05-configured
    md5: b66eafcb91ca224deecec2af42c74066.dir
    size: 54813620
    nfiles: 135
